<?xml version="1.0" encoding="utf-8"?>
<Project ToolsVersion="4.0" xmlns="http://schemas.microsoft.com/developer/msbuild/2003">
  <ItemGroup>
    <ClCompile Include="..\src\AboutDialog.cpp" />
    <ClCompile Include="..\src\MultiReplacePanel.cpp" />
    <ClCompile Include="..\src\MultiReplace.cpp" />
    <ClCompile Include="..\src\PluginDefinition.cpp" />
    <ClCompile Include="..\src\lua\lapi.c">
      <Filter>Lua</Filter>
    </ClCompile>
    <ClCompile Include="..\src\lua\lauxlib.c">
      <Filter>Lua</Filter>
    </ClCompile>
    <ClCompile Include="..\src\lua\lbaselib.c">
      <Filter>Lua</Filter>
    </ClCompile>
    <ClCompile Include="..\src\lua\lcode.c">
      <Filter>Lua</Filter>
    </ClCompile>
    <ClCompile Include="..\src\lua\lcorolib.c">
      <Filter>Lua</Filter>
    </ClCompile>
    <ClCompile Include="..\src\lua\lctype.c">
      <Filter>Lua</Filter>
    </ClCompile>
    <ClCompile Include="..\src\lua\ldblib.c">
      <Filter>Lua</Filter>
    </ClCompile>
    <ClCompile Include="..\src\lua\ldebug.c">
      <Filter>Lua</Filter>
    </ClCompile>
    <ClCompile Include="..\src\lua\ldo.c">
      <Filter>Lua</Filter>
    </ClCompile>
    <ClCompile Include="..\src\lua\ldump.c">
      <Filter>Lua</Filter>
    </ClCompile>
    <ClCompile Include="..\src\lua\lfunc.c">
      <Filter>Lua</Filter>
    </ClCompile>
    <ClCompile Include="..\src\lua\lgc.c">
      <Filter>Lua</Filter>
    </ClCompile>
    <ClCompile Include="..\src\lua\linit.c">
      <Filter>Lua</Filter>
    </ClCompile>
    <ClCompile Include="..\src\lua\liolib.c">
      <Filter>Lua</Filter>
    </ClCompile>
    <ClCompile Include="..\src\lua\llex.c">
      <Filter>Lua</Filter>
    </ClCompile>
    <ClCompile Include="..\src\lua\lmathlib.c">
      <Filter>Lua</Filter>
    </ClCompile>
    <ClCompile Include="..\src\lua\lmem.c">
      <Filter>Lua</Filter>
    </ClCompile>
    <ClCompile Include="..\src\lua\loadlib.c">
      <Filter>Lua</Filter>
    </ClCompile>
    <ClCompile Include="..\src\lua\lobject.c">
      <Filter>Lua</Filter>
    </ClCompile>
    <ClCompile Include="..\src\lua\lopcodes.c">
      <Filter>Lua</Filter>
    </ClCompile>
    <ClCompile Include="..\src\lua\loslib.c">
      <Filter>Lua</Filter>
    </ClCompile>
    <ClCompile Include="..\src\lua\lparser.c">
      <Filter>Lua</Filter>
    </ClCompile>
    <ClCompile Include="..\src\lua\lstate.c">
      <Filter>Lua</Filter>
    </ClCompile>
    <ClCompile Include="..\src\lua\lstring.c">
      <Filter>Lua</Filter>
    </ClCompile>
    <ClCompile Include="..\src\lua\lstrlib.c">
      <Filter>Lua</Filter>
    </ClCompile>
    <ClCompile Include="..\src\lua\ltable.c">
      <Filter>Lua</Filter>
    </ClCompile>
    <ClCompile Include="..\src\lua\ltablib.c">
      <Filter>Lua</Filter>
    </ClCompile>
    <ClCompile Include="..\src\lua\ltm.c">
      <Filter>Lua</Filter>
    </ClCompile>
    <ClCompile Include="..\src\lua\lua.c">
      <Filter>Lua</Filter>
    </ClCompile>
    <ClCompile Include="..\src\lua\luac.c">
      <Filter>Lua</Filter>
    </ClCompile>
    <ClCompile Include="..\src\lua\lundump.c">
      <Filter>Lua</Filter>
    </ClCompile>
    <ClCompile Include="..\src\lua\lutf8lib.c">
      <Filter>Lua</Filter>
    </ClCompile>
    <ClCompile Include="..\src\lua\lvm.c">
      <Filter>Lua</Filter>
    </ClCompile>
    <ClCompile Include="..\src\lua\lzio.c">
      <Filter>Lua</Filter>
    </ClCompile>
    <ClCompile Include="..\src\StaticDialog\StaticDialog.cpp" />
    <ClCompile Include="..\src\language_mapping.cpp" />
    <ClCompile Include="..\src\DropTarget.cpp" />
    <ClCompile Include="..\src\DPIManager.cpp" />
    <ClCompile Include="..\src\ResultDock.cpp" />
    <ClCompile Include="..\src\Encoding.cpp" />
    <ClCompile Include="..\src\LanguageManager.cpp" />
    <ClCompile Include="..\src\ConfigManager.cpp" />
    <ClCompile Include="..\src\IniFileCache.cpp" />
    <ClCompile Include="..\src\UndoRedoManager.cpp" />
    <ClCompile Include="..\src\MultiReplacePanel_BatchUI.cpp" />
    <ClCompile Include="..\src\StringUtils.cpp" />
    <ClCompile Include="..\src\ColumnTabs.cpp" />
    <ClCompile Include="..\src\NumericToken.cpp" />
    <ClCompile Include="..\src\NppStyleKit.cpp" />
    <ClCompile Include="..\src\MultiReplaceConfigDialog.cpp" />
  </ItemGroup>
  <ItemGroup>
    <ClInclude Include="..\src\AboutDialog.h" />
    <ClInclude Include="..\src\MultiReplacePanel.h" />
    <ClInclude Include="..\src\Notepad_plus_msgs.h" />
    <ClInclude Include="..\src\PluginDefinition.h" />
    <ClInclude Include="..\src\lua\lapi.h">
      <Filter>Lua</Filter>
    </ClInclude>
    <ClInclude Include="..\src\lua\lauxlib.h">
      <Filter>Lua</Filter>
    </ClInclude>
    <ClInclude Include="..\src\lua\lcode.h">
      <Filter>Lua</Filter>
    </ClInclude>
    <ClInclude Include="..\src\lua\lctype.h">
      <Filter>Lua</Filter>
    </ClInclude>
    <ClInclude Include="..\src\lua\ldebug.h">
      <Filter>Lua</Filter>
    </ClInclude>
    <ClInclude Include="..\src\lua\ldo.h">
      <Filter>Lua</Filter>
    </ClInclude>
    <ClInclude Include="..\src\lua\lfunc.h">
      <Filter>Lua</Filter>
    </ClInclude>
    <ClInclude Include="..\src\lua\lgc.h">
      <Filter>Lua</Filter>
    </ClInclude>
    <ClInclude Include="..\src\lua\ljumptab.h">
      <Filter>Lua</Filter>
    </ClInclude>
    <ClInclude Include="..\src\lua\llex.h">
      <Filter>Lua</Filter>
    </ClInclude>
    <ClInclude Include="..\src\lua\llimits.h">
      <Filter>Lua</Filter>
    </ClInclude>
    <ClInclude Include="..\src\lua\lmem.h">
      <Filter>Lua</Filter>
    </ClInclude>
    <ClInclude Include="..\src\lua\lobject.h">
      <Filter>Lua</Filter>
    </ClInclude>
    <ClInclude Include="..\src\lua\lopcodes.h">
      <Filter>Lua</Filter>
    </ClInclude>
    <ClInclude Include="..\src\lua\lopnames.h">
      <Filter>Lua</Filter>
    </ClInclude>
    <ClInclude Include="..\src\lua\lparser.h">
      <Filter>Lua</Filter>
    </ClInclude>
    <ClInclude Include="..\src\lua\lprefix.h">
      <Filter>Lua</Filter>
    </ClInclude>
    <ClInclude Include="..\src\lua\lstate.h">
      <Filter>Lua</Filter>
    </ClInclude>
    <ClInclude Include="..\src\lua\lstring.h">
      <Filter>Lua</Filter>
    </ClInclude>
    <ClInclude Include="..\src\lua\ltable.h">
      <Filter>Lua</Filter>
    </ClInclude>
    <ClInclude Include="..\src\lua\ltm.h">
      <Filter>Lua</Filter>
    </ClInclude>
    <ClInclude Include="..\src\lua\lua.h">
      <Filter>Lua</Filter>
    </ClInclude>
    <ClInclude Include="..\src\lua\lua.hpp">
      <Filter>Lua</Filter>
    </ClInclude>
    <ClInclude Include="..\src\lua\luaconf.h">
      <Filter>Lua</Filter>
    </ClInclude>
    <ClInclude Include="..\src\lua\lualib.h">
      <Filter>Lua</Filter>
    </ClInclude>
    <ClInclude Include="..\src\lua\lundump.h">
      <Filter>Lua</Filter>
    </ClInclude>
    <ClInclude Include="..\src\lua\lvm.h">
      <Filter>Lua</Filter>
    </ClInclude>
    <ClInclude Include="..\src\lua\lzio.h">
      <Filter>Lua</Filter>
    </ClInclude>
    <ClInclude Include="..\src\StaticDialog\resource.h" />
    <ClInclude Include="..\src\StaticDialog\StaticDialog.h" />
    <ClInclude Include="..\src\DropTarget.h" />
    <ClInclude Include="..\src\DPIManager.h" />
    <ClInclude Include="..\src\luaEmbedded.h" />
    <ClInclude Include="..\src\image_data.h" />
    <ClInclude Include="..\src\HiddenSciGuard.h" />
    <ClInclude Include="..\src\StaticDialog\Docking.h" />
    <ClInclude Include="..\src\ResultDock.h" />
    <ClInclude Include="..\src\Encoding.h" />
    <ClInclude Include="..\src\LanguageManager.h" />
    <ClInclude Include="..\src\ConfigManager.h" />
    <ClInclude Include="..\src\IniFileCache.h" />
    <ClInclude Include="..\src\language_mapping.h" />
    <ClInclude Include="..\src\UndoRedoManager.h" />
    <ClInclude Include="..\src\BatchUIGuard.h" />
    <ClInclude Include="..\src\StringUtils.h" />
    <ClInclude Include="..\src\ColumnTabs.h" />
    <ClInclude Include="..\src\NumericToken.h" />
    <ClInclude Include="..\src\NppStyleKit.h" />
    <ClInclude Include="..\src\MultiReplaceConfigDialog.h" />
  </ItemGroup>
  <ItemGroup>
    <ResourceCompile Include="..\src\MultiReplace.rc" />
    <ResourceCompile Include="..\src\StaticDialog\resource.rc" />
  </ItemGroup>
  <ItemGroup>
    <Filter Include="Lua">
      <UniqueIdentifier>{eea5a33f-b441-48dd-b95a-67ee554383a6}</UniqueIdentifier>
    </Filter>
  </ItemGroup>
  <ItemGroup>
    <None Include="..\help_use_variables_light.html" />
    <None Include="..\languages.ini" />
    <None Include="..\help_use_variables_dark.html" />
    <None Include="..\README.md" />
  </ItemGroup>
</Project>